
Microsoft Visual Studio Solution File, Format Version 12.00
# Visual Studio 15
VisualStudioVersion = 15.0.27428.1
MinimumVisualStudioVersion = 10.0.40219.1
Project("{8BC9CEB8-8B4A-11D0-8D11-00A0C91BC942}") = "RayTracerOneWeekend", "RayTracerOneWeekend\RayTracerOneWeekend.vcxproj", "{F95EF560-4969-42E3-A19F-B992F98EAA56}"
EndProject
Global
	GlobalSection(SolutionConfigurationPlatforms) = preSolution
		Debug|x64 = Debug|x64
		Debug|x86 = Debug|x86
		Release|x64 = Release|x64
		Release|x86 = Release|x86
	EndGlobalSection
	GlobalSection(ProjectConfigurationPlatforms) = postSolution
		{F95EF560-4969-42E3-A19F-B992F98EAA56}.Debug|x64.ActiveCfg = Debug|x64
		{F95EF560-4969-42E3-A19F-B992F98EAA56}.Debug|x64.Build.0 = Debug|x64
		{F95EF560-4969-42E3-A19F-B992F98EAA56}.Debug|x86.ActiveCfg = Debug|Win32
		{F95EF560-4969-42E3-A19F-B992F98EAA56}.Debug|x86.Build.0 = Debug|Win32
		{F95EF560-4969-42E3-A19F-B992F98EAA56}.Release|x64.ActiveCfg = Release|x64
		{F95EF560-4969-42E3-A19F-B992F98EAA56}.Release|x64.Build.0 = Release|x64
		{F95EF560-4969-42E3-A19F-B992F98EAA56}.Release|x86.ActiveCfg = Release|Win32
		{F95EF560-4969-42E3-A19F-B992F98EAA56}.Release|x86.Build.0 = Release|Win32
	EndGlobalSection
	GlobalSection(SolutionProperties) = preSolution
		HideSolutionNode = FALSE
	EndGlobalSection
	GlobalSection(ExtensibilityGlobals) = postSolution
		SolutionGuid = {8134AD8D-86AE-4D3C-8EA7-2C57CEBB7284}
	EndGlobalSection
EndGlobal
